
Microsoft Visual Studio Solution File, Format Version 12.00
# Visual Studio Version 17
VisualStudioVersion = 17.9.34701.34
MinimumVisualStudioVersion = 10.0.40219.1
Project("{FAE04EC0-301F-11D3-BF4B-00C04F79EFBC}") = "PokemonReviewApp", "PokemonReviewApp\PokemonReviewApp.csproj", "{A7F884AB-85D3-4752-BE64-87B4DA6B7BF6}"
EndProject
Global
	GlobalSection(SolutionConfigurationPlatforms) = preSolution
		Debug|Any CPU = Debug|Any CPU
		Release|Any CPU = Release|Any CPU
	EndGlobalSection
	GlobalSection(ProjectConfigurationPlatforms) = postSolution
		{A7F884AB-85D3-4752-BE64-87B4DA6B7BF6}.Debug|Any CPU.ActiveCfg = Debug|Any CPU
		{A7F884AB-85D3-4752-BE64-87B4DA6B7BF6}.Debug|Any CPU.Build.0 = Debug|Any CPU
		{A7F884AB-85D3-4752-BE64-87B4DA6B7BF6}.Release|Any CPU.ActiveCfg = Release|Any CPU
		{A7F884AB-85D3-4752-BE64-87B4DA6B7BF6}.Release|Any CPU.Build.0 = Release|Any CPU
	EndGlobalSection
	GlobalSection(SolutionProperties) = preSolution
		HideSolutionNode = FALSE
	EndGlobalSection
	GlobalSection(ExtensibilityGlobals) = postSolution
		SolutionGuid = {8F84BF62-B904-48B9-A5A1-FFB71F3FD796}
	EndGlobalSection
EndGlobal
